
Microsoft Visual Studio Solution File, Format Version 12.00
# Visual Studio Version 17
VisualStudioVersion = 17.1.32210.238
MinimumVisualStudioVersion = 10.0.40219.1
Project("{FAE04EC0-301F-11D3-BF4B-00C04F79EFBC}") = "HomeWork6", "HomeWork6\HomeWork6.csproj", "{93B6A743-D812-4949-8C4E-D367A21D5720}"
EndProject
Global
	GlobalSection(SolutionConfigurationPlatforms) = preSolution
		Debug|Any CPU = Debug|Any CPU
		Release|Any CPU = Release|Any CPU
	EndGlobalSection
	GlobalSection(ProjectConfigurationPlatforms) = postSolution
		{93B6A743-D812-4949-8C4E-D367A21D5720}.Debug|Any CPU.ActiveCfg = Debug|Any CPU
		{93B6A743-D812-4949-8C4E-D367A21D5720}.Debug|Any CPU.Build.0 = Debug|Any CPU
		{93B6A743-D812-4949-8C4E-D367A21D5720}.Release|Any CPU.ActiveCfg = Release|Any CPU
		{93B6A743-D812-4949-8C4E-D367A21D5720}.Release|Any CPU.Build.0 = Release|Any CPU
	EndGlobalSection
	GlobalSection(SolutionProperties) = preSolution
		HideSolutionNode = FALSE
	EndGlobalSection
	GlobalSection(ExtensibilityGlobals) = postSolution
		SolutionGuid = {4B8BC1CF-D43B-4873-A0D2-64DFB9AAB0BE}
	EndGlobalSection
EndGlobal
