
Microsoft Visual Studio Solution File, Format Version 12.00
# Visual Studio Version 17
VisualStudioVersion = 17.1.32210.238
MinimumVisualStudioVersion = 10.0.40219.1
Project("{FAE04EC0-301F-11D3-BF4B-00C04F79EFBC}") = "Project 3.6", "Project 3.6\Project 3.6.csproj", "{6FFB459F-8097-4543-94AC-55C2DC1ED167}"
EndProject
Global
	GlobalSection(SolutionConfigurationPlatforms) = preSolution
		Debug|Any CPU = Debug|Any CPU
		Release|Any CPU = Release|Any CPU
	EndGlobalSection
	GlobalSection(ProjectConfigurationPlatforms) = postSolution
		{6FFB459F-8097-4543-94AC-55C2DC1ED167}.Debug|Any CPU.ActiveCfg = Debug|Any CPU
		{6FFB459F-8097-4543-94AC-55C2DC1ED167}.Debug|Any CPU.Build.0 = Debug|Any CPU
		{6FFB459F-8097-4543-94AC-55C2DC1ED167}.Release|Any CPU.ActiveCfg = Release|Any CPU
		{6FFB459F-8097-4543-94AC-55C2DC1ED167}.Release|Any CPU.Build.0 = Release|Any CPU
	EndGlobalSection
	GlobalSection(SolutionProperties) = preSolution
		HideSolutionNode = FALSE
	EndGlobalSection
	GlobalSection(ExtensibilityGlobals) = postSolution
		SolutionGuid = {4C586FA3-D826-423D-B73C-B09F3B521719}
	EndGlobalSection
EndGlobal
