
Microsoft Visual Studio Solution File, Format Version 12.00
# Visual Studio Version 17
VisualStudioVersion = 17.1.32210.238
MinimumVisualStudioVersion = 10.0.40219.1
Project("{FAE04EC0-301F-11D3-BF4B-00C04F79EFBC}") = "Project 3.7", "Project 3.7\Project 3.7.csproj", "{68101F98-D676-47FD-A096-3BE4B0D7FF5E}"
EndProject
Global
	GlobalSection(SolutionConfigurationPlatforms) = preSolution
		Debug|Any CPU = Debug|Any CPU
		Release|Any CPU = Release|Any CPU
	EndGlobalSection
	GlobalSection(ProjectConfigurationPlatforms) = postSolution
		{68101F98-D676-47FD-A096-3BE4B0D7FF5E}.Debug|Any CPU.ActiveCfg = Debug|Any CPU
		{68101F98-D676-47FD-A096-3BE4B0D7FF5E}.Debug|Any CPU.Build.0 = Debug|Any CPU
		{68101F98-D676-47FD-A096-3BE4B0D7FF5E}.Release|Any CPU.ActiveCfg = Release|Any CPU
		{68101F98-D676-47FD-A096-3BE4B0D7FF5E}.Release|Any CPU.Build.0 = Release|Any CPU
	EndGlobalSection
	GlobalSection(SolutionProperties) = preSolution
		HideSolutionNode = FALSE
	EndGlobalSection
	GlobalSection(ExtensibilityGlobals) = postSolution
		SolutionGuid = {509FC0F3-DA5A-461A-9B60-8BAE65150CD6}
	EndGlobalSection
EndGlobal
